
Microsoft Visual Studio Solution File, Format Version 12.00
# Visual Studio Version 16
VisualStudioVersion = 16.0.31424.327
MinimumVisualStudioVersion = 10.0.40219.1
Project("{9A19103F-16F7-4668-BE54-9A1E7A4F7556}") = "PracticaREST", "PracticaREST\PracticaREST.csproj", "{3887DF82-E44A-4AEA-8070-2B298A90AAC6}"
EndProject
Project("{E53339B2-1760-4266-BCC7-CA923CBCF16C}") = "docker-compose", "docker-compose.dcproj", "{6DC2ECF9-7E24-4F81-B96C-5B486B6223A0}"
EndProject
Global
	GlobalSection(SolutionConfigurationPlatforms) = preSolution
		Debug|Any CPU = Debug|Any CPU
		Release|Any CPU = Release|Any CPU
	EndGlobalSection
	GlobalSection(ProjectConfigurationPlatforms) = postSolution
		{3887DF82-E44A-4AEA-8070-2B298A90AAC6}.Debug|Any CPU.ActiveCfg = Debug|Any CPU
		{3887DF82-E44A-4AEA-8070-2B298A90AAC6}.Debug|Any CPU.Build.0 = Debug|Any CPU
		{3887DF82-E44A-4AEA-8070-2B298A90AAC6}.Release|Any CPU.ActiveCfg = Release|Any CPU
		{3887DF82-E44A-4AEA-8070-2B298A90AAC6}.Release|Any CPU.Build.0 = Release|Any CPU
		{6DC2ECF9-7E24-4F81-B96C-5B486B6223A0}.Debug|Any CPU.ActiveCfg = Debug|Any CPU
		{6DC2ECF9-7E24-4F81-B96C-5B486B6223A0}.Debug|Any CPU.Build.0 = Debug|Any CPU
		{6DC2ECF9-7E24-4F81-B96C-5B486B6223A0}.Release|Any CPU.ActiveCfg = Release|Any CPU
		{6DC2ECF9-7E24-4F81-B96C-5B486B6223A0}.Release|Any CPU.Build.0 = Release|Any CPU
	EndGlobalSection
	GlobalSection(SolutionProperties) = preSolution
		HideSolutionNode = FALSE
	EndGlobalSection
	GlobalSection(ExtensibilityGlobals) = postSolution
		SolutionGuid = {CD33E420-9DB7-463E-889B-49FE1634F45B}
	EndGlobalSection
EndGlobal
